{
  "name": "quivotequoi",
  "lockfileVersion": 3,
  "requires": true,
  "packages": {
    "": {
      "dependencies": {
        "csv-parse": "^5.5.5",
        "diff-match-patch": "^1.0.5",
        "eleventy": "^1.0.6",
        "memize": "^2.1.0",
        "nano-memoize": "^3.0.16"
      }
    },
    "node_modules/csv-parse": {
      "version": "5.5.5",
      "resolved": "https://registry.npmjs.org/csv-parse/-/csv-parse-5.5.5.tgz",
      "integrity": "sha512-erCk7tyU3yLWAhk6wvKxnyPtftuy/6Ak622gOO7BCJ05+TYffnPCJF905wmOQm+BpkX54OdAl8pveJwUdpnCXQ=="
    },
    "node_modules/diff-match-patch": {
      "version": "1.0.5",
      "resolved": "https://registry.npmjs.org/diff-match-patch/-/diff-match-patch-1.0.5.tgz",
      "integrity": "sha512-IayShXAgj/QMXgB0IWmKx+rOPuGMhqm5w6jvFxmVenXKIzRqTAAsbBPT3kWQeGANj3jGgvcvv4yK6SxqYmikgw=="
    },
    "node_modules/eleventy": {
      "version": "1.0.6",
      "resolved": "https://registry.npmjs.org/eleventy/-/eleventy-1.0.6.tgz",
      "integrity": "sha512-IzaPK0P5eF/jm5qdOzrzq2947FFRKpZwHT8AR1WpGI4tTpkLnzwQF02p9m0o5XQQ4dypBExp69fUHViEiHUWpQ==",
      "hasInstallScript": true
    },
    "node_modules/memize": {
      "version": "2.1.0",
      "resolved": "https://registry.npmjs.org/memize/-/memize-2.1.0.tgz",
      "integrity": "sha512-yywVJy8ctVlN5lNPxsep5urnZ6TTclwPEyigM9M3Bi8vseJBOfqNrGWN/r8NzuIt3PovM323W04blJfGQfQSVg=="
    },
    "node_modules/nano-memoize": {
      "version": "3.0.16",
      "resolved": "https://registry.npmjs.org/nano-memoize/-/nano-memoize-3.0.16.tgz",
      "integrity": "sha512-JyK96AKVGAwVeMj3MoMhaSXaUNqgMbCRSQB3trUV8tYZfWEzqUBKdK1qJpfuNXgKeHOx1jv/IEYTM659ly7zUA=="
    }
  }
}
